// !$*UTF8*$!
{
	archiveVersion = 1;
	classes = {
	};
	objectVersion = 50;
	objects = {

/* Begin PBXBuildFile section */
		851D942D27BD5621002F623D /* ChecklistItem.swift in Sources */ = {isa = PBXBuildFile; fileRef = 851D942C27BD5621002F623D /* ChecklistItem.swift */; };
		851D943027BD5E8E002F623D /* TodoList.swift in Sources */ = {isa = PBXBuildFile; fileRef = 851D942F27BD5E8E002F623D /* TodoList.swift */; };
		851D943327BD8957002F623D /* ItemDetailViewController.swift in Sources */ = {isa = PBXBuildFile; fileRef = 851D943227BD8957002F623D /* ItemDetailViewController.swift */; };
		8535244327C0C4A6004A256F /* ChecklistTableViewCell.swift in Sources */ = {isa = PBXBuildFile; fileRef = 8535244227C0C4A6004A256F /* ChecklistTableViewCell.swift */; };
		856C50DA27BBEAD200CD0309 /* AppDelegate.swift in Sources */ = {isa = PBXBuildFile; fileRef = 856C50D927BBEAD200CD0309 /* AppDelegate.swift */; };
		856C50DC27BBEAD200CD0309 /* SceneDelegate.swift in Sources */ = {isa = PBXBuildFile; fileRef = 856C50DB27BBEAD200CD0309 /* SceneDelegate.swift */; };
		856C50DE27BBEAD200CD0309 /* ChecklistViewController.swift in Sources */ = {isa = PBXBuildFile; fileRef = 856C50DD27BBEAD200CD0309 /* ChecklistViewController.swift */; };
		856C50E127BBEAD200CD0309 /* Main.storyboard in Resources */ = {isa = PBXBuildFile; fileRef = 856C50DF27BBEAD200CD0309 /* Main.storyboard */; };
		856C50E327BBEAD700CD0309 /* Assets.xcassets in Resources */ = {isa = PBXBuildFile; fileRef = 856C50E227BBEAD700CD0309 /* Assets.xcassets */; };
		856C50E627BBEAD700CD0309 /* LaunchScreen.storyboard in Resources */ = {isa = PBXBuildFile; fileRef = 856C50E427BBEAD700CD0309 /* LaunchScreen.storyboard */; };
/* End PBXBuildFile section */

/* Begin PBXFileReference section */
		851D942627BCFB8E002F623D /* ProtocolsPlayground.playground */ = {isa = PBXFileReference; lastKnownFileType = file.playground; name = ProtocolsPlayground.playground; path = "../../../../../../../Library/Autosave Information/ProtocolsPlayground.playground"; sourceTree = "<group>"; xcLanguageSpecificationIdentifier = xcode.lang.swift; };
		851D942C27BD5621002F623D /* ChecklistItem.swift */ = {isa = PBXFileReference; lastKnownFileType = sourcecode.swift; path = ChecklistItem.swift; sourceTree = "<group>"; };
		851D942F27BD5E8E002F623D /* TodoList.swift */ = {isa = PBXFileReference; lastKnownFileType = sourcecode.swift; path = TodoList.swift; sourceTree = "<group>"; };
		851D943227BD8957002F623D /* ItemDetailViewController.swift */ = {isa = PBXFileReference; lastKnownFileType = sourcecode.swift; path = ItemDetailViewController.swift; sourceTree = "<group>"; };
		8535244227C0C4A6004A256F /* ChecklistTableViewCell.swift */ = {isa = PBXFileReference; lastKnownFileType = sourcecode.swift; path = ChecklistTableViewCell.swift; sourceTree = "<group>"; };
		856C50D627BBEAD200CD0309 /* Checklist.app */ = {isa = PBXFileReference; explicitFileType = wrapper.application; includeInIndex = 0; path = Checklist.app; sourceTree = BUILT_PRODUCTS_DIR; };
		856C50D927BBEAD200CD0309 /* AppDelegate.swift */ = {isa = PBXFileReference; lastKnownFileType = sourcecode.swift; path = AppDelegate.swift; sourceTree = "<group>"; };
		856C50DB27BBEAD200CD0309 /* SceneDelegate.swift */ = {isa = PBXFileReference; lastKnownFileType = sourcecode.swift; path = SceneDelegate.swift; sourceTree = "<group>"; };
		856C50DD27BBEAD200CD0309 /* ChecklistViewController.swift */ = {isa = PBXFileReference; lastKnownFileType = sourcecode.swift; path = ChecklistViewController.swift; sourceTree = "<group>"; };
		856C50E027BBEAD200CD0309 /* Base */ = {isa = PBXFileReference; lastKnownFileType = file.storyboard; name = Base; path = Base.lproj/Main.storyboard; sourceTree = "<group>"; };
		856C50E227BBEAD700CD0309 /* Assets.xcassets */ = {isa = PBXFileReference; lastKnownFileType = folder.assetcatalog; path = Assets.xcassets; sourceTree = "<group>"; };
		856C50E527BBEAD700CD0309 /* Base */ = {isa = PBXFileReference; lastKnownFileType = file.storyboard; name = Base; path = Base.lproj/LaunchScreen.storyboard; sourceTree = "<group>"; };
		856C50E727BBEAD700CD0309 /* Info.plist */ = {isa = PBXFileReference; lastKnownFileType = text.plist.xml; path = Info.plist; sourceTree = "<group>"; };
/* End PBXFileReference section */

/* Begin PBXFrameworksBuildPhase section */
		856C50D327BBEAD200CD0309 /* Frameworks */ = {
			isa = PBXFrameworksBuildPhase;
			buildActionMask = 2147483647;
			files = (
			);
			runOnlyForDeploymentPostprocessing = 0;
		};
/* End PBXFrameworksBuildPhase section */

/* Begin PBXGroup section */
		856C50CD27BBEAD200CD0309 = {
			isa = PBXGroup;
			children = (
				856C50D827BBEAD200CD0309 /* Checklist */,
				856C50D727BBEAD200CD0309 /* Products */,
			);
			sourceTree = "<group>";
		};
		856C50D727BBEAD200CD0309 /* Products */ = {
			isa = PBXGroup;
			children = (
				856C50D627BBEAD200CD0309 /* Checklist.app */,
			);
			name = Products;
			sourceTree = "<group>";
		};
		856C50D827BBEAD200CD0309 /* Checklist */ = {
			isa = PBXGroup;
			children = (
				851D942627BCFB8E002F623D /* ProtocolsPlayground.playground */,
				856C50D927BBEAD200CD0309 /* AppDelegate.swift */,
				856C50DB27BBEAD200CD0309 /* SceneDelegate.swift */,
				856C50DD27BBEAD200CD0309 /* ChecklistViewController.swift */,
				856C50DF27BBEAD200CD0309 /* Main.storyboard */,
				856C50E227BBEAD700CD0309 /* Assets.xcassets */,
				856C50E427BBEAD700CD0309 /* LaunchScreen.storyboard */,
				856C50E727BBEAD700CD0309 /* Info.plist */,
				851D942C27BD5621002F623D /* ChecklistItem.swift */,
				851D942F27BD5E8E002F623D /* TodoList.swift */,
				851D943227BD8957002F623D /* ItemDetailViewController.swift */,
				8535244227C0C4A6004A256F /* ChecklistTableViewCell.swift */,
			);
			path = Checklist;
			sourceTree = "<group>";
		};
/* End PBXGroup section */

/* Begin PBXNativeTarget section */
		856C50D527BBEAD200CD0309 /* Checklist */ = {
			isa = PBXNativeTarget;
			buildConfigurationList = 856C50EA27BBEAD700CD0309 /* Build configuration list for PBXNativeTarget "Checklist" */;
			buildPhases = (
				856C50D227BBEAD200CD0309 /* Sources */,
				856C50D327BBEAD200CD0309 /* Frameworks */,
				856C50D427BBEAD200CD0309 /* Resources */,
			);
			buildRules = (
			);
			dependencies = (
			);
			name = Checklist;
			productName = Checklist;
			productReference = 856C50D627BBEAD200CD0309 /* Checklist.app */;
			productType = "com.apple.product-type.application";
		};
/* End PBXNativeTarget section */

/* Begin PBXProject section */
		856C50CE27BBEAD200CD0309 /* Project object */ = {
			isa = PBXProject;
			attributes = {
				LastSwiftUpdateCheck = 1240;
				LastUpgradeCheck = 1240;
				TargetAttributes = {
					856C50D527BBEAD200CD0309 = {
						CreatedOnToolsVersion = 12.4;
					};
				};
			};
			buildConfigurationList = 856C50D127BBEAD200CD0309 /* Build configuration list for PBXProject "Checklist" */;
			compatibilityVersion = "Xcode 9.3";
			developmentRegion = en;
			hasScannedForEncodings = 0;
			knownRegions = (
				en,
				Base,
			);
			mainGroup = 856C50CD27BBEAD200CD0309;
			productRefGroup = 856C50D727BBEAD200CD0309 /* Products */;
			projectDirPath = "";
			projectRoot = "";
			targets = (
				856C50D527BBEAD200CD0309 /* Checklist */,
			);
		};
/* End PBXProject section */

/* Begin PBXResourcesBuildPhase section */
		856C50D427BBEAD200CD0309 /* Resources */ = {
			isa = PBXResourcesBuildPhase;
			buildActionMask = 2147483647;
			files = (
				856C50E627BBEAD700CD0309 /* LaunchScreen.storyboard in Resources */,
				856C50E327BBEAD700CD0309 /* Assets.xcassets in Resources */,
				856C50E127BBEAD200CD0309 /* Main.storyboard in Resources */,
			);
			runOnlyForDeploymentPostprocessing = 0;
		};
/* End PBXResourcesBuildPhase section */

/* Begin PBXSourcesBuildPhase section */
		856C50D227BBEAD200CD0309 /* Sources */ = {
			isa = PBXSourcesBuildPhase;
			buildActionMask = 2147483647;
			files = (
				851D943027BD5E8E002F623D /* TodoList.swift in Sources */,
				856C50DE27BBEAD200CD0309 /* ChecklistViewController.swift in Sources */,
				851D943327BD8957002F623D /* ItemDetailViewController.swift in Sources */,
				8535244327C0C4A6004A256F /* ChecklistTableViewCell.swift in Sources */,
				856C50DA27BBEAD200CD0309 /* AppDelegate.swift in Sources */,
				856C50DC27BBEAD200CD0309 /* SceneDelegate.swift in Sources */,
				851D942D27BD5621002F623D /* ChecklistItem.swift in Sources */,
			);
			runOnlyForDeploymentPostprocessing = 0;
		};
/* End PBXSourcesBuildPhase section */

/* Begin PBXVariantGroup section */
		856C50DF27BBEAD200CD0309 /* Main.storyboard */ = {
			isa = PBXVariantGroup;
			children = (
				856C50E027BBEAD200CD0309 /* Base */,
			);
			name = Main.storyboard;
			sourceTree = "<group>";
		};
		856C50E427BBEAD700CD0309 /* LaunchScreen.storyboard */ = {
			isa = PBXVariantGroup;
			children = (
				856C50E527BBEAD700CD0309 /* Base */,
			);
			name = LaunchScreen.storyboard;
			sourceTree = "<group>";
		};
/* End PBXVariantGroup section */

/* Begin XCBuildConfiguration section */
		856C50E827BBEAD700CD0309 /* Debug */ = {
			isa = XCBuildConfiguration;
			buildSettings = {
				ALWAYS_SEARCH_USER_PATHS = NO;
				CLANG_ANALYZER_NONNULL = YES;
				CLANG_ANALYZER_NUMBER_OBJECT_CONVERSION = YES_AGGRESSIVE;
				CLANG_CXX_LANGUAGE_STANDARD = "gnu++14";
				CLANG_CXX_LIBRARY = "libc++";
				CLANG_ENABLE_MODULES = YES;
				CLANG_ENABLE_OBJC_ARC = YES;
				CLANG_ENABLE_OBJC_WEAK = YES;
				CLANG_WARN_BLOCK_CAPTURE_AUTORELEASING = YES;
				CLANG_WARN_BOOL_CONVERSION = YES;
				CLANG_WARN_COMMA = YES;
				CLANG_WARN_CONSTANT_CONVERSION = YES;
				CLANG_WARN_DEPRECATED_OBJC_IMPLEMENTATIONS = YES;
				CLANG_WARN_DIRECT_OBJC_ISA_USAGE = YES_ERROR;
				CLANG_WARN_DOCUMENTATION_COMMENTS = YES;
				CLANG_WARN_EMPTY_BODY = YES;
				CLANG_WARN_ENUM_CONVERSION = YES;
				CLANG_WARN_INFINITE_RECURSION = YES;
				CLANG_WARN_INT_CONVERSION = YES;
				CLANG_WARN_NON_LITERAL_NULL_CONVERSION = YES;
				CLANG_WARN_OBJC_IMPLICIT_RETAIN_SELF = YES;
				CLANG_WARN_OBJC_LITERAL_CONVERSION = YES;
				CLANG_WARN_OBJC_ROOT_CLASS = YES_ERROR;
				CLANG_WARN_QUOTED_INCLUDE_IN_FRAMEWORK_HEADER = YES;
				CLANG_WARN_RANGE_LOOP_ANALYSIS = YES;
				CLANG_WARN_STRICT_PROTOTYPES = YES;
				CLANG_WARN_SUSPICIOUS_MOVE = YES;
				CLANG_WARN_UNGUARDED_AVAILABILITY = YES_AGGRESSIVE;
				CLANG_WARN_UNREACHABLE_CODE = YES;
				CLANG_WARN__DUPLICATE_METHOD_MATCH = YES;
				COPY_PHASE_STRIP = NO;
				DEBUG_INFORMATION_FORMAT = dwarf;
				ENABLE_STRICT_OBJC_MSGSEND = YES;
				ENABLE_TESTABILITY = YES;
				GCC_C_LANGUAGE_STANDARD = gnu11;
				GCC_DYNAMIC_NO_PIC = NO;
				GCC_NO_COMMON_BLOCKS = YES;
				GCC_OPTIMIZATION_LEVEL = 0;
				GCC_PREPROCESSOR_DEFINITIONS = (
					"DEBUG=1",
					"$(inherited)",
				);
				GCC_WARN_64_TO_32_BIT_CONVERSION = YES;
				GCC_WARN_ABOUT_RETURN_TYPE = YES_ERROR;
				GCC_WARN_UNDECLARED_SELECTOR = YES;
				GCC_WARN_UNINITIALIZED_AUTOS = YES_AGGRESSIVE;
				GCC_WARN_UNUSED_FUNCTION = YES;
				GCC_WARN_UNUSED_VARIABLE = YES;
				IPHONEOS_DEPLOYMENT_TARGET = 14.4;
				MTL_ENABLE_DEBUG_INFO = INCLUDE_SOURCE;
				MTL_FAST_MATH = YES;
				ONLY_ACTIVE_ARCH = YES;
				SDKROOT = iphoneos;
				SWIFT_ACTIVE_COMPILATION_CONDITIONS = DEBUG;
				SWIFT_OPTIMIZATION_LEVEL = "-Onone";
			};
			name = Debug;
		};
		856C50E927BBEAD700CD0309 /* Release */ = {
			isa = XCBuildConfiguration;
			buildSettings = {
				ALWAYS_SEARCH_USER_PATHS = NO;
				CLANG_ANALYZER_NONNULL = YES;
				CLANG_ANALYZER_NUMBER_OBJECT_CONVERSION = YES_AGGRESSIVE;
				CLANG_CXX_LANGUAGE_STANDARD = "gnu++14";
				CLANG_CXX_LIBRARY = "libc++";
				CLANG_ENABLE_MODULES = YES;
				CLANG_ENABLE_OBJC_ARC = YES;
				CLANG_ENABLE_OBJC_WEAK = YES;
				CLANG_WARN_BLOCK_CAPTURE_AUTORELEASING = YES;
				CLANG_WARN_BOOL_CONVERSION = YES;
				CLANG_WARN_COMMA = YES;
				CLANG_WARN_CONSTANT_CONVERSION = YES;
				CLANG_WARN_DEPRECATED_OBJC_IMPLEMENTATIONS = YES;
				CLANG_WARN_DIRECT_OBJC_ISA_USAGE = YES_ERROR;
				CLANG_WARN_DOCUMENTATION_COMMENTS = YES;
				CLANG_WARN_EMPTY_BODY = YES;
				CLANG_WARN_ENUM_CONVERSION = YES;
				CLANG_WARN_INFINITE_RECURSION = YES;
				CLANG_WARN_INT_CONVERSION = YES;
				CLANG_WARN_NON_LITERAL_NULL_CONVERSION = YES;
				CLANG_WARN_OBJC_IMPLICIT_RETAIN_SELF = YES;
				CLANG_WARN_OBJC_LITERAL_CONVERSION = YES;
				CLANG_WARN_OBJC_ROOT_CLASS = YES_ERROR;
				CLANG_WARN_QUOTED_INCLUDE_IN_FRAMEWORK_HEADER = YES;
				CLANG_WARN_RANGE_LOOP_ANALYSIS = YES;
				CLANG_WARN_STRICT_PROTOTYPES = YES;
				CLANG_WARN_SUSPICIOUS_MOVE = YES;
				CLANG_WARN_UNGUARDED_AVAILABILITY = YES_AGGRESSIVE;
				CLANG_WARN_UNREACHABLE_CODE = YES;
				CLANG_WARN__DUPLICATE_METHOD_MATCH = YES;
				COPY_PHASE_STRIP = NO;
				DEBUG_INFORMATION_FORMAT = "dwarf-with-dsym";
				ENABLE_NS_ASSERTIONS = NO;
				ENABLE_STRICT_OBJC_MSGSEND = YES;
				GCC_C_LANGUAGE_STANDARD = gnu11;
				GCC_NO_COMMON_BLOCKS = YES;
				GCC_WARN_64_TO_32_BIT_CONVERSION = YES;
				GCC_WARN_ABOUT_RETURN_TYPE = YES_ERROR;
				GCC_WARN_UNDECLARED_SELECTOR = YES;
				GCC_WARN_UNINITIALIZED_AUTOS = YES_AGGRESSIVE;
				GCC_WARN_UNUSED_FUNCTION = YES;
				GCC_WARN_UNUSED_VARIABLE = YES;
				IPHONEOS_DEPLOYMENT_TARGET = 14.4;
				MTL_ENABLE_DEBUG_INFO = NO;
				MTL_FAST_MATH = YES;
				SDKROOT = iphoneos;
				SWIFT_COMPILATION_MODE = wholemodule;
				SWIFT_OPTIMIZATION_LEVEL = "-O";
				VALIDATE_PRODUCT = YES;
			};
			name = Release;
		};
		856C50EB27BBEAD700CD0309 /* Debug */ = {
			isa = XCBuildConfiguration;
			buildSettings = {
				ASSETCATALOG_COMPILER_APPICON_NAME = AppIcon;
				ASSETCATALOG_COMPILER_GLOBAL_ACCENT_COLOR_NAME = AccentColor;
				CODE_SIGN_STYLE = Automatic;
				INFOPLIST_FILE = Checklist/Info.plist;
				LD_RUNPATH_SEARCH_PATHS = (
					"$(inherited)",
					"@executable_path/Frameworks",
				);
				PRODUCT_BUNDLE_IDENTIFIER = com.alinakraieva.Checklist;
				PRODUCT_NAME = "$(TARGET_NAME)";
				SWIFT_VERSION = 5.0;
				TARGETED_DEVICE_FAMILY = "1,2";
			};
			name = Debug;
		};
		856C50EC27BBEAD700CD0309 /* Release */ = {
			isa = XCBuildConfiguration;
			buildSettings = {
				ASSETCATALOG_COMPILER_APPICON_NAME = AppIcon;
				ASSETCATALOG_COMPILER_GLOBAL_ACCENT_COLOR_NAME = AccentColor;
				CODE_SIGN_STYLE = Automatic;
				INFOPLIST_FILE = Checklist/Info.plist;
				LD_RUNPATH_SEARCH_PATHS = (
					"$(inherited)",
					"@executable_path/Frameworks",
				);
				PRODUCT_BUNDLE_IDENTIFIER = com.alinakraieva.Checklist;
				PRODUCT_NAME = "$(TARGET_NAME)";
				SWIFT_VERSION = 5.0;
				TARGETED_DEVICE_FAMILY = "1,2";
			};
			name = Release;
		};
/* End XCBuildConfiguration section */

/* Begin XCConfigurationList section */
		856C50D127BBEAD200CD0309 /* Build configuration list for PBXProject "Checklist" */ = {
			isa = XCConfigurationList;
			buildConfigurations = (
				856C50E827BBEAD700CD0309 /* Debug */,
				856C50E927BBEAD700CD0309 /* Release */,
			);
			defaultConfigurationIsVisible = 0;
			defaultConfigurationName = Release;
		};
		856C50EA27BBEAD700CD0309 /* Build configuration list for PBXNativeTarget "Checklist" */ = {
			isa = XCConfigurationList;
			buildConfigurations = (
				856C50EB27BBEAD700CD0309 /* Debug */,
				856C50EC27BBEAD700CD0309 /* Release */,
			);
			defaultConfigurationIsVisible = 0;
			defaultConfigurationName = Release;
		};
/* End XCConfigurationList section */
	};
	rootObject = 856C50CE27BBEAD200CD0309 /* Project object */;
}
